// !$*UTF8*$!
{
	archiveVersion = 1;
	classes = {
	};
	objectVersion = 50;
	objects = {

/* Begin PBXBuildFile section */
		59478785239CDB53001AF3DC /* contentRow.swift in Sources */ = {isa = PBXBuildFile; fileRef = 59478784239CDB53001AF3DC /* contentRow.swift */; };
		59478787239CDC19001AF3DC /* data.swift in Sources */ = {isa = PBXBuildFile; fileRef = 59478786239CDC19001AF3DC /* data.swift */; };
		59478789239CDEC8001AF3DC /* ContentDetail.swift in Sources */ = {isa = PBXBuildFile; fileRef = 59478788239CDEC8001AF3DC /* ContentDetail.swift */; };
		59FAFCEA239C2DC3006ED748 /* AppDelegate.swift in Sources */ = {isa = PBXBuildFile; fileRef = 59FAFCE9239C2DC3006ED748 /* AppDelegate.swift */; };
		59FAFCEC239C2DC3006ED748 /* SceneDelegate.swift in Sources */ = {isa = PBXBuildFile; fileRef = 59FAFCEB239C2DC3006ED748 /* SceneDelegate.swift */; };
		59FAFCEE239C2DC3006ED748 /* ContentView.swift in Sources */ = {isa = PBXBuildFile; fileRef = 59FAFCED239C2DC3006ED748 /* ContentView.swift */; };
		59FAFCF0239C2DC8006ED748 /* Assets.xcassets in Resources */ = {isa = PBXBuildFile; fileRef = 59FAFCEF239C2DC8006ED748 /* Assets.xcassets */; };
		59FAFCF3239C2DC8006ED748 /* Preview Assets.xcassets in Resources */ = {isa = PBXBuildFile; fileRef = 59FAFCF2239C2DC8006ED748 /* Preview Assets.xcassets */; };
		59FAFD01239C2DC9006ED748 /* IosTodoTests.swift in Sources */ = {isa = PBXBuildFile; fileRef = 59FAFD00239C2DC9006ED748 /* IosTodoTests.swift */; };
		59FAFD0C239C2DC9006ED748 /* IosTodoUITests.swift in Sources */ = {isa = PBXBuildFile; fileRef = 59FAFD0B239C2DC9006ED748 /* IosTodoUITests.swift */; };
		59FAFD1A239C37E1006ED748 /* intro.storyboard in Resources */ = {isa = PBXBuildFile; fileRef = 59FAFD19239C37E1006ED748 /* intro.storyboard */; };
/* End PBXBuildFile section */

/* Begin PBXContainerItemProxy section */
		59FAFCFD239C2DC9006ED748 /* PBXContainerItemProxy */ = {
			isa = PBXContainerItemProxy;
			containerPortal = 59FAFCDE239C2DC3006ED748 /* Project object */;
			proxyType = 1;
			remoteGlobalIDString = 59FAFCE5239C2DC3006ED748;
			remoteInfo = IosTodo;
		};
		59FAFD08239C2DC9006ED748 /* PBXContainerItemProxy */ = {
			isa = PBXContainerItemProxy;
			containerPortal = 59FAFCDE239C2DC3006ED748 /* Project object */;
			proxyType = 1;
			remoteGlobalIDString = 59FAFCE5239C2DC3006ED748;
			remoteInfo = IosTodo;
		};
/* End PBXContainerItemProxy section */

/* Begin PBXFileReference section */
		59478784239CDB53001AF3DC /* contentRow.swift */ = {isa = PBXFileReference; lastKnownFileType = sourcecode.swift; path = contentRow.swift; sourceTree = "<group>"; };
		59478786239CDC19001AF3DC /* data.swift */ = {isa = PBXFileReference; lastKnownFileType = sourcecode.swift; path = data.swift; sourceTree = "<group>"; };
		59478788239CDEC8001AF3DC /* ContentDetail.swift */ = {isa = PBXFileReference; lastKnownFileType = sourcecode.swift; path = ContentDetail.swift; sourceTree = "<group>"; };
		59FAFCE6239C2DC3006ED748 /* IosTodo.app */ = {isa = PBXFileReference; explicitFileType = wrapper.application; includeInIndex = 0; path = IosTodo.app; sourceTree = BUILT_PRODUCTS_DIR; };
		59FAFCE9239C2DC3006ED748 /* AppDelegate.swift */ = {isa = PBXFileReference; lastKnownFileType = sourcecode.swift; path = AppDelegate.swift; sourceTree = "<group>"; };
		59FAFCEB239C2DC3006ED748 /* SceneDelegate.swift */ = {isa = PBXFileReference; lastKnownFileType = sourcecode.swift; path = SceneDelegate.swift; sourceTree = "<group>"; };
		59FAFCED239C2DC3006ED748 /* ContentView.swift */ = {isa = PBXFileReference; lastKnownFileType = sourcecode.swift; path = ContentView.swift; sourceTree = "<group>"; };
		59FAFCEF239C2DC8006ED748 /* Assets.xcassets */ = {isa = PBXFileReference; lastKnownFileType = folder.assetcatalog; path = Assets.xcassets; sourceTree = "<group>"; };
		59FAFCF2239C2DC8006ED748 /* Preview Assets.xcassets */ = {isa = PBXFileReference; lastKnownFileType = folder.assetcatalog; path = "Preview Assets.xcassets"; sourceTree = "<group>"; };
		59FAFCF7239C2DC8006ED748 /* Info.plist */ = {isa = PBXFileReference; lastKnownFileType = text.plist.xml; path = Info.plist; sourceTree = "<group>"; };
		59FAFCFC239C2DC9006ED748 /* IosTodoTests.xctest */ = {isa = PBXFileReference; explicitFileType = wrapper.cfbundle; includeInIndex = 0; path = IosTodoTests.xctest; sourceTree = BUILT_PRODUCTS_DIR; };
		59FAFD00239C2DC9006ED748 /* IosTodoTests.swift */ = {isa = PBXFileReference; lastKnownFileType = sourcecode.swift; path = IosTodoTests.swift; sourceTree = "<group>"; };
		59FAFD02239C2DC9006ED748 /* Info.plist */ = {isa = PBXFileReference; lastKnownFileType = text.plist.xml; path = Info.plist; sourceTree = "<group>"; };
		59FAFD07239C2DC9006ED748 /* IosTodoUITests.xctest */ = {isa = PBXFileReference; explicitFileType = wrapper.cfbundle; includeInIndex = 0; path = IosTodoUITests.xctest; sourceTree = BUILT_PRODUCTS_DIR; };
		59FAFD0B239C2DC9006ED748 /* IosTodoUITests.swift */ = {isa = PBXFileReference; lastKnownFileType = sourcecode.swift; path = IosTodoUITests.swift; sourceTree = "<group>"; };
		59FAFD0D239C2DC9006ED748 /* Info.plist */ = {isa = PBXFileReference; lastKnownFileType = text.plist.xml; path = Info.plist; sourceTree = "<group>"; };
		59FAFD19239C37E1006ED748 /* intro.storyboard */ = {isa = PBXFileReference; lastKnownFileType = file.storyboard; path = intro.storyboard; sourceTree = "<group>"; };
/* End PBXFileReference section */

/* Begin PBXFrameworksBuildPhase section */
		59FAFCE3239C2DC3006ED748 /* Frameworks */ = {
			isa = PBXFrameworksBuildPhase;
			buildActionMask = 2147483647;
			files = (
			);
			runOnlyForDeploymentPostprocessing = 0;
		};
		59FAFCF9239C2DC9006ED748 /* Frameworks */ = {
			isa = PBXFrameworksBuildPhase;
			buildActionMask = 2147483647;
			files = (
			);
			runOnlyForDeploymentPostprocessing = 0;
		};
		59FAFD04239C2DC9006ED748 /* Frameworks */ = {
			isa = PBXFrameworksBuildPhase;
			buildActionMask = 2147483647;
			files = (
			);
			runOnlyForDeploymentPostprocessing = 0;
		};
/* End PBXFrameworksBuildPhase section */

/* Begin PBXGroup section */
		59FAFCDD239C2DC3006ED748 = {
			isa = PBXGroup;
			children = (
				59FAFCE8239C2DC3006ED748 /* IosTodo */,
				59FAFCFF239C2DC9006ED748 /* IosTodoTests */,
				59FAFD0A239C2DC9006ED748 /* IosTodoUITests */,
				59FAFCE7239C2DC3006ED748 /* Products */,
			);
			sourceTree = "<group>";
		};
		59FAFCE7239C2DC3006ED748 /* Products */ = {
			isa = PBXGroup;
			children = (
				59FAFCE6239C2DC3006ED748 /* IosTodo.app */,
				59FAFCFC239C2DC9006ED748 /* IosTodoTests.xctest */,
				59FAFD07239C2DC9006ED748 /* IosTodoUITests.xctest */,
			);
			name = Products;
			sourceTree = "<group>";
		};
		59FAFCE8239C2DC3006ED748 /* IosTodo */ = {
			isa = PBXGroup;
			children = (
				59FAFCE9239C2DC3006ED748 /* AppDelegate.swift */,
				59FAFCEB239C2DC3006ED748 /* SceneDelegate.swift */,
				59FAFCED239C2DC3006ED748 /* ContentView.swift */,
				59478784239CDB53001AF3DC /* contentRow.swift */,
				59478788239CDEC8001AF3DC /* ContentDetail.swift */,
				59478786239CDC19001AF3DC /* data.swift */,
				59FAFCEF239C2DC8006ED748 /* Assets.xcassets */,
				59FAFCF7239C2DC8006ED748 /* Info.plist */,
				59FAFCF1239C2DC8006ED748 /* Preview Content */,
				59FAFD19239C37E1006ED748 /* intro.storyboard */,
			);
			path = IosTodo;
			sourceTree = "<group>";
		};
		59FAFCF1239C2DC8006ED748 /* Preview Content */ = {
			isa = PBXGroup;
			children = (
				59FAFCF2239C2DC8006ED748 /* Preview Assets.xcassets */,
			);
			path = "Preview Content";
			sourceTree = "<group>";
		};
		59FAFCFF239C2DC9006ED748 /* IosTodoTests */ = {
			isa = PBXGroup;
			children = (
				59FAFD00239C2DC9006ED748 /* IosTodoTests.swift */,
				59FAFD02239C2DC9006ED748 /* Info.plist */,
			);
			path = IosTodoTests;
			sourceTree = "<group>";
		};
		59FAFD0A239C2DC9006ED748 /* IosTodoUITests */ = {
			isa = PBXGroup;
			children = (
				59FAFD0B239C2DC9006ED748 /* IosTodoUITests.swift */,
				59FAFD0D239C2DC9006ED748 /* Info.plist */,
			);
			path = IosTodoUITests;
			sourceTree = "<group>";
		};
/* End PBXGroup section */

/* Begin PBXNativeTarget section */
		59FAFCE5239C2DC3006ED748 /* IosTodo */ = {
			isa = PBXNativeTarget;
			buildConfigurationList = 59FAFD10239C2DC9006ED748 /* Build configuration list for PBXNativeTarget "IosTodo" */;
			buildPhases = (
				59FAFCE2239C2DC3006ED748 /* Sources */,
				59FAFCE3239C2DC3006ED748 /* Frameworks */,
				59FAFCE4239C2DC3006ED748 /* Resources */,
			);
			buildRules = (
			);
			dependencies = (
			);
			name = IosTodo;
			productName = IosTodo;
			productReference = 59FAFCE6239C2DC3006ED748 /* IosTodo.app */;
			productType = "com.apple.product-type.application";
		};
		59FAFCFB239C2DC9006ED748 /* IosTodoTests */ = {
			isa = PBXNativeTarget;
			buildConfigurationList = 59FAFD13239C2DC9006ED748 /* Build configuration list for PBXNativeTarget "IosTodoTests" */;
			buildPhases = (
				59FAFCF8239C2DC9006ED748 /* Sources */,
				59FAFCF9239C2DC9006ED748 /* Frameworks */,
				59FAFCFA239C2DC9006ED748 /* Resources */,
			);
			buildRules = (
			);
			dependencies = (
				59FAFCFE239C2DC9006ED748 /* PBXTargetDependency */,
			);
			name = IosTodoTests;
			productName = IosTodoTests;
			productReference = 59FAFCFC239C2DC9006ED748 /* IosTodoTests.xctest */;
			productType = "com.apple.product-type.bundle.unit-test";
		};
		59FAFD06239C2DC9006ED748 /* IosTodoUITests */ = {
			isa = PBXNativeTarget;
			buildConfigurationList = 59FAFD16239C2DC9006ED748 /* Build configuration list for PBXNativeTarget "IosTodoUITests" */;
			buildPhases = (
				59FAFD03239C2DC9006ED748 /* Sources */,
				59FAFD04239C2DC9006ED748 /* Frameworks */,
				59FAFD05239C2DC9006ED748 /* Resources */,
			);
			buildRules = (
			);
			dependencies = (
				59FAFD09239C2DC9006ED748 /* PBXTargetDependency */,
			);
			name = IosTodoUITests;
			productName = IosTodoUITests;
			productReference = 59FAFD07239C2DC9006ED748 /* IosTodoUITests.xctest */;
			productType = "com.apple.product-type.bundle.ui-testing";
		};
/* End PBXNativeTarget section */

/* Begin PBXProject section */
		59FAFCDE239C2DC3006ED748 /* Project object */ = {
			isa = PBXProject;
			attributes = {
				LastSwiftUpdateCheck = 1120;
				LastUpgradeCheck = 1120;
				ORGANIZATIONNAME = "pratish jage";
				TargetAttributes = {
					59FAFCE5239C2DC3006ED748 = {
						CreatedOnToolsVersion = 11.2.1;
					};
					59FAFCFB239C2DC9006ED748 = {
						CreatedOnToolsVersion = 11.2.1;
						TestTargetID = 59FAFCE5239C2DC3006ED748;
					};
					59FAFD06239C2DC9006ED748 = {
						CreatedOnToolsVersion = 11.2.1;
						TestTargetID = 59FAFCE5239C2DC3006ED748;
					};
				};
			};
			buildConfigurationList = 59FAFCE1239C2DC3006ED748 /* Build configuration list for PBXProject "IosTodo" */;
			compatibilityVersion = "Xcode 9.3";
			developmentRegion = en;
			hasScannedForEncodings = 0;
			knownRegions = (
				en,
				Base,
			);
			mainGroup = 59FAFCDD239C2DC3006ED748;
			productRefGroup = 59FAFCE7239C2DC3006ED748 /* Products */;
			projectDirPath = "";
			projectRoot = "";
			targets = (
				59FAFCE5239C2DC3006ED748 /* IosTodo */,
				59FAFCFB239C2DC9006ED748 /* IosTodoTests */,
				59FAFD06239C2DC9006ED748 /* IosTodoUITests */,
			);
		};
/* End PBXProject section */

/* Begin PBXResourcesBuildPhase section */
		59FAFCE4239C2DC3006ED748 /* Resources */ = {
			isa = PBXResourcesBuildPhase;
			buildActionMask = 2147483647;
			files = (
				59FAFCF3239C2DC8006ED748 /* Preview Assets.xcassets in Resources */,
				59FAFCF0239C2DC8006ED748 /* Assets.xcassets in Resources */,
				59FAFD1A239C37E1006ED748 /* intro.storyboard in Resources */,
			);
			runOnlyForDeploymentPostprocessing = 0;
		};
		59FAFCFA239C2DC9006ED748 /* Resources */ = {
			isa = PBXResourcesBuildPhase;
			buildActionMask = 2147483647;
			files = (
			);
			runOnlyForDeploymentPostprocessing = 0;
		};
		59FAFD05239C2DC9006ED748 /* Resources */ = {
			isa = PBXResourcesBuildPhase;
			buildActionMask = 2147483647;
			files = (
			);
			runOnlyForDeploymentPostprocessing = 0;
		};
/* End PBXResourcesBuildPhase section */

/* Begin PBXSourcesBuildPhase section */
		59FAFCE2239C2DC3006ED748 /* Sources */ = {
			isa = PBXSourcesBuildPhase;
			buildActionMask = 2147483647;
			files = (
				59478789239CDEC8001AF3DC /* ContentDetail.swift in Sources */,
				59FAFCEA239C2DC3006ED748 /* AppDelegate.swift in Sources */,
				59FAFCEC239C2DC3006ED748 /* SceneDelegate.swift in Sources */,
				59478785239CDB53001AF3DC /* contentRow.swift in Sources */,
				59478787239CDC19001AF3DC /* data.swift in Sources */,
				59FAFCEE239C2DC3006ED748 /* ContentView.swift in Sources */,
			);
			runOnlyForDeploymentPostprocessing = 0;
		};
		59FAFCF8239C2DC9006ED748 /* Sources */ = {
			isa = PBXSourcesBuildPhase;
			buildActionMask = 2147483647;
			files = (
				59FAFD01239C2DC9006ED748 /* IosTodoTests.swift in Sources */,
			);
			runOnlyForDeploymentPostprocessing = 0;
		};
		59FAFD03239C2DC9006ED748 /* Sources */ = {
			isa = PBXSourcesBuildPhase;
			buildActionMask = 2147483647;
			files = (
				59FAFD0C239C2DC9006ED748 /* IosTodoUITests.swift in Sources */,
			);
			runOnlyForDeploymentPostprocessing = 0;
		};
/* End PBXSourcesBuildPhase section */

/* Begin PBXTargetDependency section */
		59FAFCFE239C2DC9006ED748 /* PBXTargetDependency */ = {
			isa = PBXTargetDependency;
			target = 59FAFCE5239C2DC3006ED748 /* IosTodo */;
			targetProxy = 59FAFCFD239C2DC9006ED748 /* PBXContainerItemProxy */;
		};
		59FAFD09239C2DC9006ED748 /* PBXTargetDependency */ = {
			isa = PBXTargetDependency;
			target = 59FAFCE5239C2DC3006ED748 /* IosTodo */;
			targetProxy = 59FAFD08239C2DC9006ED748 /* PBXContainerItemProxy */;
		};
/* End PBXTargetDependency section */

/* Begin XCBuildConfiguration section */
		59FAFD0E239C2DC9006ED748 /* Debug */ = {
			isa = XCBuildConfiguration;
			buildSettings = {
				ALWAYS_SEARCH_USER_PATHS = NO;
				CLANG_ANALYZER_NONNULL = YES;
				CLANG_ANALYZER_NUMBER_OBJECT_CONVERSION = YES_AGGRESSIVE;
				CLANG_CXX_LANGUAGE_STANDARD = "gnu++14";
				CLANG_CXX_LIBRARY = "libc++";
				CLANG_ENABLE_MODULES = YES;
				CLANG_ENABLE_OBJC_ARC = YES;
				CLANG_ENABLE_OBJC_WEAK = YES;
				CLANG_WARN_BLOCK_CAPTURE_AUTORELEASING = YES;
				CLANG_WARN_BOOL_CONVERSION = YES;
				CLANG_WARN_COMMA = YES;
				CLANG_WARN_CONSTANT_CONVERSION = YES;
				CLANG_WARN_DEPRECATED_OBJC_IMPLEMENTATIONS = YES;
				CLANG_WARN_DIRECT_OBJC_ISA_USAGE = YES_ERROR;
				CLANG_WARN_DOCUMENTATION_COMMENTS = YES;
				CLANG_WARN_EMPTY_BODY = YES;
				CLANG_WARN_ENUM_CONVERSION = YES;
				CLANG_WARN_INFINITE_RECURSION = YES;
				CLANG_WARN_INT_CONVERSION = YES;
				CLANG_WARN_NON_LITERAL_NULL_CONVERSION = YES;
				CLANG_WARN_OBJC_IMPLICIT_RETAIN_SELF = YES;
				CLANG_WARN_OBJC_LITERAL_CONVERSION = YES;
				CLANG_WARN_OBJC_ROOT_CLASS = YES_ERROR;
				CLANG_WARN_RANGE_LOOP_ANALYSIS = YES;
				CLANG_WARN_STRICT_PROTOTYPES = YES;
				CLANG_WARN_SUSPICIOUS_MOVE = YES;
				CLANG_WARN_UNGUARDED_AVAILABILITY = YES_AGGRESSIVE;
				CLANG_WARN_UNREACHABLE_CODE = YES;
				CLANG_WARN__DUPLICATE_METHOD_MATCH = YES;
				COPY_PHASE_STRIP = NO;
				DEBUG_INFORMATION_FORMAT = dwarf;
				ENABLE_STRICT_OBJC_MSGSEND = YES;
				ENABLE_TESTABILITY = YES;
				GCC_C_LANGUAGE_STANDARD = gnu11;
				GCC_DYNAMIC_NO_PIC = NO;
				GCC_NO_COMMON_BLOCKS = YES;
				GCC_OPTIMIZATION_LEVEL = 0;
				GCC_PREPROCESSOR_DEFINITIONS = (
					"DEBUG=1",
					"$(inherited)",
				);
				GCC_WARN_64_TO_32_BIT_CONVERSION = YES;
				GCC_WARN_ABOUT_RETURN_TYPE = YES_ERROR;
				GCC_WARN_UNDECLARED_SELECTOR = YES;
				GCC_WARN_UNINITIALIZED_AUTOS = YES_AGGRESSIVE;
				GCC_WARN_UNUSED_FUNCTION = YES;
				GCC_WARN_UNUSED_VARIABLE = YES;
				IPHONEOS_DEPLOYMENT_TARGET = 13.2;
				MTL_ENABLE_DEBUG_INFO = INCLUDE_SOURCE;
				MTL_FAST_MATH = YES;
				ONLY_ACTIVE_ARCH = YES;
				SDKROOT = iphoneos;
				SWIFT_ACTIVE_COMPILATION_CONDITIONS = DEBUG;
				SWIFT_OPTIMIZATION_LEVEL = "-Onone";
			};
			name = Debug;
		};
		59FAFD0F239C2DC9006ED748 /* Release */ = {
			isa = XCBuildConfiguration;
			buildSettings = {
				ALWAYS_SEARCH_USER_PATHS = NO;
				CLANG_ANALYZER_NONNULL = YES;
				CLANG_ANALYZER_NUMBER_OBJECT_CONVERSION = YES_AGGRESSIVE;
				CLANG_CXX_LANGUAGE_STANDARD = "gnu++14";
				CLANG_CXX_LIBRARY = "libc++";
				CLANG_ENABLE_MODULES = YES;
				CLANG_ENABLE_OBJC_ARC = YES;
				CLANG_ENABLE_OBJC_WEAK = YES;
				CLANG_WARN_BLOCK_CAPTURE_AUTORELEASING = YES;
				CLANG_WARN_BOOL_CONVERSION = YES;
				CLANG_WARN_COMMA = YES;
				CLANG_WARN_CONSTANT_CONVERSION = YES;
				CLANG_WARN_DEPRECATED_OBJC_IMPLEMENTATIONS = YES;
				CLANG_WARN_DIRECT_OBJC_ISA_USAGE = YES_ERROR;
				CLANG_WARN_DOCUMENTATION_COMMENTS = YES;
				CLANG_WARN_EMPTY_BODY = YES;
				CLANG_WARN_ENUM_CONVERSION = YES;
				CLANG_WARN_INFINITE_RECURSION = YES;
				CLANG_WARN_INT_CONVERSION = YES;
				CLANG_WARN_NON_LITERAL_NULL_CONVERSION = YES;
				CLANG_WARN_OBJC_IMPLICIT_RETAIN_SELF = YES;
				CLANG_WARN_OBJC_LITERAL_CONVERSION = YES;
				CLANG_WARN_OBJC_ROOT_CLASS = YES_ERROR;
				CLANG_WARN_RANGE_LOOP_ANALYSIS = YES;
				CLANG_WARN_STRICT_PROTOTYPES = YES;
				CLANG_WARN_SUSPICIOUS_MOVE = YES;
				CLANG_WARN_UNGUARDED_AVAILABILITY = YES_AGGRESSIVE;
				CLANG_WARN_UNREACHABLE_CODE = YES;
				CLANG_WARN__DUPLICATE_METHOD_MATCH = YES;
				COPY_PHASE_STRIP = NO;
				DEBUG_INFORMATION_FORMAT = "dwarf-with-dsym";
				ENABLE_NS_ASSERTIONS = NO;
				ENABLE_STRICT_OBJC_MSGSEND = YES;
				GCC_C_LANGUAGE_STANDARD = gnu11;
				GCC_NO_COMMON_BLOCKS = YES;
				GCC_WARN_64_TO_32_BIT_CONVERSION = YES;
				GCC_WARN_ABOUT_RETURN_TYPE = YES_ERROR;
				GCC_WARN_UNDECLARED_SELECTOR = YES;
				GCC_WARN_UNINITIALIZED_AUTOS = YES_AGGRESSIVE;
				GCC_WARN_UNUSED_FUNCTION = YES;
				GCC_WARN_UNUSED_VARIABLE = YES;
				IPHONEOS_DEPLOYMENT_TARGET = 13.2;
				MTL_ENABLE_DEBUG_INFO = NO;
				MTL_FAST_MATH = YES;
				SDKROOT = iphoneos;
				SWIFT_COMPILATION_MODE = wholemodule;
				SWIFT_OPTIMIZATION_LEVEL = "-O";
				VALIDATE_PRODUCT = YES;
			};
			name = Release;
		};
		59FAFD11239C2DC9006ED748 /* Debug */ = {
			isa = XCBuildConfiguration;
			buildSettings = {
				ASSETCATALOG_COMPILER_APPICON_NAME = AppIcon;
				CODE_SIGN_STYLE = Automatic;
				DEVELOPMENT_ASSET_PATHS = "\"IosTodo/Preview Content\"";
				DEVELOPMENT_TEAM = R6LSYWBD8D;
				ENABLE_PREVIEWS = YES;
				INFOPLIST_FILE = IosTodo/Info.plist;
				IPHONEOS_DEPLOYMENT_TARGET = 13.2;
				LD_RUNPATH_SEARCH_PATHS = (
					"$(inherited)",
					"@executable_path/Frameworks",
				);
				PRODUCT_BUNDLE_IDENTIFIER = pratishj.IosTodo;
				PRODUCT_NAME = "$(TARGET_NAME)";
				SWIFT_VERSION = 5.0;
				TARGETED_DEVICE_FAMILY = "1,2";
			};
			name = Debug;
		};
		59FAFD12239C2DC9006ED748 /* Release */ = {
			isa = XCBuildConfiguration;
			buildSettings = {
				ASSETCATALOG_COMPILER_APPICON_NAME = AppIcon;
				CODE_SIGN_STYLE = Automatic;
				DEVELOPMENT_ASSET_PATHS = "\"IosTodo/Preview Content\"";
				DEVELOPMENT_TEAM = R6LSYWBD8D;
				ENABLE_PREVIEWS = YES;
				INFOPLIST_FILE = IosTodo/Info.plist;
				IPHONEOS_DEPLOYMENT_TARGET = 13.2;
				LD_RUNPATH_SEARCH_PATHS = (
					"$(inherited)",
					"@executable_path/Frameworks",
				);
				PRODUCT_BUNDLE_IDENTIFIER = pratishj.IosTodo;
				PRODUCT_NAME = "$(TARGET_NAME)";
				SWIFT_VERSION = 5.0;
				TARGETED_DEVICE_FAMILY = "1,2";
			};
			name = Release;
		};
		59FAFD14239C2DC9006ED748 /* Debug */ = {
			isa = XCBuildConfiguration;
			buildSettings = {
				ALWAYS_EMBED_SWIFT_STANDARD_LIBRARIES = YES;
				BUNDLE_LOADER = "$(TEST_HOST)";
				CODE_SIGN_STYLE = Automatic;
				INFOPLIST_FILE = IosTodoTests/Info.plist;
				IPHONEOS_DEPLOYMENT_TARGET = 13.2;
				LD_RUNPATH_SEARCH_PATHS = (
					"$(inherited)",
					"@executable_path/Frameworks",
					"@loader_path/Frameworks",
				);
				PRODUCT_BUNDLE_IDENTIFIER = pratishj.IosTodoTests;
				PRODUCT_NAME = "$(TARGET_NAME)";
				SWIFT_VERSION = 5.0;
				TARGETED_DEVICE_FAMILY = "1,2";
				TEST_HOST = "$(BUILT_PRODUCTS_DIR)/IosTodo.app/IosTodo";
			};
			name = Debug;
		};
		59FAFD15239C2DC9006ED748 /* Release */ = {
			isa = XCBuildConfiguration;
			buildSettings = {
				ALWAYS_EMBED_SWIFT_STANDARD_LIBRARIES = YES;
				BUNDLE_LOADER = "$(TEST_HOST)";
				CODE_SIGN_STYLE = Automatic;
				INFOPLIST_FILE = IosTodoTests/Info.plist;
				IPHONEOS_DEPLOYMENT_TARGET = 13.2;
				LD_RUNPATH_SEARCH_PATHS = (
					"$(inherited)",
					"@executable_path/Frameworks",
					"@loader_path/Frameworks",
				);
				PRODUCT_BUNDLE_IDENTIFIER = pratishj.IosTodoTests;
				PRODUCT_NAME = "$(TARGET_NAME)";
				SWIFT_VERSION = 5.0;
				TARGETED_DEVICE_FAMILY = "1,2";
				TEST_HOST = "$(BUILT_PRODUCTS_DIR)/IosTodo.app/IosTodo";
			};
			name = Release;
		};
		59FAFD17239C2DC9006ED748 /* Debug */ = {
			isa = XCBuildConfiguration;
			buildSettings = {
				ALWAYS_EMBED_SWIFT_STANDARD_LIBRARIES = YES;
				CODE_SIGN_STYLE = Automatic;
				INFOPLIST_FILE = IosTodoUITests/Info.plist;
				LD_RUNPATH_SEARCH_PATHS = (
					"$(inherited)",
					"@executable_path/Frameworks",
					"@loader_path/Frameworks",
				);
				PRODUCT_BUNDLE_IDENTIFIER = pratishj.IosTodoUITests;
				PRODUCT_NAME = "$(TARGET_NAME)";
				SWIFT_VERSION = 5.0;
				TARGETED_DEVICE_FAMILY = "1,2";
				TEST_TARGET_NAME = IosTodo;
			};
			name = Debug;
		};
		59FAFD18239C2DC9006ED748 /* Release */ = {
			isa = XCBuildConfiguration;
			buildSettings = {
				ALWAYS_EMBED_SWIFT_STANDARD_LIBRARIES = YES;
				CODE_SIGN_STYLE = Automatic;
				INFOPLIST_FILE = IosTodoUITests/Info.plist;
				LD_RUNPATH_SEARCH_PATHS = (
					"$(inherited)",
					"@executable_path/Frameworks",
					"@loader_path/Frameworks",
				);
				PRODUCT_BUNDLE_IDENTIFIER = pratishj.IosTodoUITests;
				PRODUCT_NAME = "$(TARGET_NAME)";
				SWIFT_VERSION = 5.0;
				TARGETED_DEVICE_FAMILY = "1,2";
				TEST_TARGET_NAME = IosTodo;
			};
			name = Release;
		};
/* End XCBuildConfiguration section */

/* Begin XCConfigurationList section */
		59FAFCE1239C2DC3006ED748 /* Build configuration list for PBXProject "IosTodo" */ = {
			isa = XCConfigurationList;
			buildConfigurations = (
				59FAFD0E239C2DC9006ED748 /* Debug */,
				59FAFD0F239C2DC9006ED748 /* Release */,
			);
			defaultConfigurationIsVisible = 0;
			defaultConfigurationName = Release;
		};
		59FAFD10239C2DC9006ED748 /* Build configuration list for PBXNativeTarget "IosTodo" */ = {
			isa = XCConfigurationList;
			buildConfigurations = (
				59FAFD11239C2DC9006ED748 /* Debug */,
				59FAFD12239C2DC9006ED748 /* Release */,
			);
			defaultConfigurationIsVisible = 0;
			defaultConfigurationName = Release;
		};
		59FAFD13239C2DC9006ED748 /* Build configuration list for PBXNativeTarget "IosTodoTests" */ = {
			isa = XCConfigurationList;
			buildConfigurations = (
				59FAFD14239C2DC9006ED748 /* Debug */,
				59FAFD15239C2DC9006ED748 /* Release */,
			);
			defaultConfigurationIsVisible = 0;
			defaultConfigurationName = Release;
		};
		59FAFD16239C2DC9006ED748 /* Build configuration list for PBXNativeTarget "IosTodoUITests" */ = {
			isa = XCConfigurationList;
			buildConfigurations = (
				59FAFD17239C2DC9006ED748 /* Debug */,
				59FAFD18239C2DC9006ED748 /* Release */,
			);
			defaultConfigurationIsVisible = 0;
			defaultConfigurationName = Release;
		};
/* End XCConfigurationList section */
	};
	rootObject = 59FAFCDE239C2DC3006ED748 /* Project object */;
}
